
Microsoft Visual Studio Solution File, Format Version 12.00
# Visual Studio Version 17
VisualStudioVersion = 17.1.32407.343
MinimumVisualStudioVersion = 10.0.40219.1
Project("{FAE04EC0-301F-11D3-BF4B-00C04F79EFBC}") = "ACWEXB_Feleves", "ACWEXB_Feleves\ACWEXB_Feleves.csproj", "{2DA41C41-6532-4278-BAEE-95C7A541422A}"
EndProject
Global
	GlobalSection(SolutionConfigurationPlatforms) = preSolution
		Debug|Any CPU = Debug|Any CPU
		Release|Any CPU = Release|Any CPU
	EndGlobalSection
	GlobalSection(ProjectConfigurationPlatforms) = postSolution
		{2DA41C41-6532-4278-BAEE-95C7A541422A}.Debug|Any CPU.ActiveCfg = Debug|Any CPU
		{2DA41C41-6532-4278-BAEE-95C7A541422A}.Debug|Any CPU.Build.0 = Debug|Any CPU
		{2DA41C41-6532-4278-BAEE-95C7A541422A}.Release|Any CPU.ActiveCfg = Release|Any CPU
		{2DA41C41-6532-4278-BAEE-95C7A541422A}.Release|Any CPU.Build.0 = Release|Any CPU
	EndGlobalSection
	GlobalSection(SolutionProperties) = preSolution
		HideSolutionNode = FALSE
	EndGlobalSection
	GlobalSection(ExtensibilityGlobals) = postSolution
		SolutionGuid = {258D06B0-E86E-4D88-BABD-6E4164C252D6}
	EndGlobalSection
EndGlobal
